lockfileVersion: 5.4

specifiers:
  '@types/node': ^18.11.18
  esbuild: ^0.17.2
  http-status-codes: ^2.2.0
  react: ^18.2.0
  react-dom: ^18.2.0

dependencies:
  esbuild: 0.17.2
  http-status-codes: 2.2.0

devDependencies:
  '@types/node': 18.11.18
  react: 18.2.0
  react-dom: 18.2.0_react@18.2.0

packages:

  /@esbuild/android-arm/0.17.2:
    resolution: {integrity: sha512-Art7v3xYfqH1gEMUSP0Nx67pNAlC/Y3qSg3mOw8Wg7MP9bJLXL0DrmJaV1Qz1o4FwagtvDgkVOeBDpZgxdj13Q==}
    engines: {node: '>=12'}
    cpu: [arm]
    os: [android]
    requiresBuild: true
    dev: false
    optional: true

  /@esbuild/android-arm64/0.17.2:
    resolution: {integrity: sha512-QSkmYISXr2uFoR+NdmmKyR5svYb0cXDCfzwNblLsrC8wTpx/I1L7u/zrjrf4aLoHoRTycZFIewJwBiUrO5DWtQ==}
    engines: {node: '>=12'}
    cpu: [arm64]
    os: [android]
    requiresBuild: true
    dev: false
    optional: true

  /@esbuild/android-x64/0.17.2:
    resolution: {integrity: sha512-5VOaFBI0RK8jJVDHdeU1YJmpxXoOf1RPoiOBhk/Tvpulw7R1SwCsxHvC3eDQcoF0gV7YM4V2wJO0PR9tem6gCQ==}
    engines: {node: '>=12'}
    cpu: [x64]
    os: [android]
    requiresBuild: true
    dev: false
    optional: true

  /@esbuild/darwin-arm64/0.17.2:
    resolution: {integrity: sha512-iQJu1Zn1Wi91D5x/sslEn/jwae1tgSAEHK0R/kYzIr5jO992IJwDDuWhSGll23jHt18RECxahhGG0BWY/bVUTw==}
    engines: {node: '>=12'}
    cpu: [arm64]
    os: [darwin]
    requiresBuild: true
    dev: false
    optional: true

  /@esbuild/darwin-x64/0.17.2:
    resolution: {integrity: sha512-j750nyrwoRZd3VnPo5sd12/5U27TxFGmvmoDv93G2jiaGJPYKJ/+5IfRAvHahGePTUIRPyOlE5YLFw9MlzuBnw==}
    engines: {node: '>=12'}
    cpu: [x64]
    os: [darwin]
    requiresBuild: true
    dev: false
    optional: true

  /@esbuild/freebsd-arm64/0.17.2:
    resolution: {integrity: sha512-ti7GU+/KUQQXEPmSUep7efZpA3KR2SkKsVuSL2FE7Yxka9apuqKfymAgQmVPMxstzAgCRBIu8uEu0KFmTfs3/Q==}
    engines: {node: '>=12'}
    cpu: [arm64]
    os: [freebsd]
    requiresBuild: true
    dev: false
    optional: true

  /@esbuild/freebsd-x64/0.17.2:
    resolution: {integrity: sha512-NgooSKWSnrNKRuiumY1dg7KAGpsyXIMcwyOXN9imnqe8VFjqqrEOMqZRik0C1wlfLjiSCuMsj+YUSmBMAJMt0A==}
    engines: {node: '>=12'}
    cpu: [x64]
    os: [freebsd]
    requiresBuild: true
    dev: false
    optional: true

  /@esbuild/linux-arm/0.17.2:
    resolution: {integrity: sha512-8dfrRTd39n+THdAetwQKNwK6zBPR5oPjMtgRNXvRq8gsn/J5o69zTaOWVi3QO09BljqdShxU2dxDA09lDhdIqQ==}
    engines: {node: '>=12'}
    cpu: [arm]
    os: [linux]
    requiresBuild: true
    dev: false
    optional: true

  /@esbuild/linux-arm64/0.17.2:
    resolution: {integrity: sha512-jcJ4cxwQyqEqgDwkqj7820nKx9cM5WBPCCU4oUXvTeG+DkkJE6/P75od0VPHmItFfEJu+/2vV85ebvFVomZcBg==}
    engines: {node: '>=12'}
    cpu: [arm64]
    os: [linux]
    requiresBuild: true
    dev: false
    optional: true

  /@esbuild/linux-ia32/0.17.2:
    resolution: {integrity: sha512-dXZ3m++zaRVD2fqOUPP8QTh1Lfg6WO6uZDo/QJ3KdfnIR7dDToDtaA12AgKYvCed9Nuzf/gpKs/7/f6I02b/sg==}
    engines: {node: '>=12'}
    cpu: [ia32]
    os: [linux]
    requiresBuild: true
    dev: false
    optional: true

  /@esbuild/linux-loong64/0.17.2:
    resolution: {integrity: sha512-/vntXkzSe9TUp0Rh35Wgye1EOhDtmIMjwC4rtahHcALmDXL+iuQGvwGFvXrP+sBigia/ltLryMAvCiqGV6plqw==}
    engines: {node: '>=12'}
    cpu: [loong64]
    os: [linux]
    requiresBuild: true
    dev: false
    optional: true

  /@esbuild/linux-mips64el/0.17.2:
    resolution: {integrity: sha512-guYcNHjMRO1BMxWAeb8LDfgQaU8oeUO65xtlclwBD+hX3163KBifEHyao1hK96J10BP9n0UmZug6GhtGZaNm2Q==}
    engines: {node: '>=12'}
    cpu: [mips64el]
    os: [linux]
    requiresBuild: true
    dev: false
    optional: true

  /@esbuild/linux-ppc64/0.17.2:
    resolution: {integrity: sha512-fzHTnIGIVqgUGZcFnnisguKD4UneF4uwWwkG+i8kBspMDdU1wJ0jha1VdtxWP7Ob1KGxuXcoUlrQkCVO+Z5iOw==}
    engines: {node: '>=12'}
    cpu: [ppc64]
    os: [linux]
    requiresBuild: true
    dev: false
    optional: true

  /@esbuild/linux-riscv64/0.17.2:
    resolution: {integrity: sha512-Sa+z7csvNVeAsTD83tVSggOb8CAU7EdDuihC8WhtoJfuDVkF5+Vi0imaiCjXQ7Ci5rz/a8IJ1H1MWX3eI9AmuQ==}
    engines: {node: '>=12'}
    cpu: [riscv64]
    os: [linux]
    requiresBuild: true
    dev: false
    optional: true

  /@esbuild/linux-s390x/0.17.2:
    resolution: {integrity: sha512-jUFCO+/VA1Y/oeauSNBubp2UtGu4xjBUEFVgMPm0qLuw6xw18yOagKwBOPVmyE3ZSFqGd9BAPZM/JrtadgBryA==}
    engines: {node: '>=12'}
    cpu: [s390x]
    os: [linux]
    requiresBuild: true
    dev: false
    optional: true

  /@esbuild/linux-x64/0.17.2:
    resolution: {integrity: sha512-naygxkSmr6x9tuvpa8iGefnXo3Rc3Noz7c4+Dn0MSfSWJwLaN2YR686e7HkI09irfjDdU5UAq9wcxUwjkYQNUA==}
    engines: {node: '>=12'}
    cpu: [x64]
    os: [linux]
    requiresBuild: true
    dev: false
    optional: true

  /@esbuild/netbsd-x64/0.17.2:
    resolution: {integrity: sha512-Hagbdq4EpiG9XXJY6Ozfrl2RN5jkXZXd6BD39f43tWz0d8yyOrRZlofM1eA6JYQbdv6c8BUsUOcgopavIqwx4Q==}
    engines: {node: '>=12'}
    cpu: [x64]
    os: [netbsd]
    requiresBuild: true
    dev: false
    optional: true

  /@esbuild/openbsd-x64/0.17.2:
    resolution: {integrity: sha512-Pkby+VEXY7+aWP8J2RUCfqWbbZz2M1GavRGGnE2kEPzwarba/BOk3B45PSaKwc3iKdK2rgCPCTjC/p9JoKNejA==}
    engines: {node: '>=12'}
    cpu: [x64]
    os: [openbsd]
    requiresBuild: true
    dev: false
    optional: true

  /@esbuild/sunos-x64/0.17.2:
    resolution: {integrity: sha512-WAyg4dBTUsAPJ9cRnuQ23cwJWYRhP4e4y0M/l2+EpRjWW+g1MNAXKQQNNhRQ71zc8UixRVrqj+43ReHeZC8mJQ==}
    engines: {node: '>=12'}
    cpu: [x64]
    os: [sunos]
    requiresBuild: true
    dev: false
    optional: true

  /@esbuild/win32-arm64/0.17.2:
    resolution: {integrity: sha512-rMbO3gPpxuENd+AnZLgo4J/g+BkwxT3NK7nYpSZ0KlYtSdlxYMIMG5pznX7a1ISZKo67aGStne+K41jdkBywpA==}
    engines: {node: '>=12'}
    cpu: [arm64]
    os: [win32]
    requiresBuild: true
    dev: false
    optional: true

  /@esbuild/win32-ia32/0.17.2:
    resolution: {integrity: sha512-73dWKDMhFk+4owS19OjEVbEDGFPRS1fyga3qOu5HPd5eTxJTjtlVTT/fG/S7AchA0vXS7hOqY70AAir1CkmICg==}
    engines: {node: '>=12'}
    cpu: [ia32]
    os: [win32]
    requiresBuild: true
    dev: false
    optional: true

  /@esbuild/win32-x64/0.17.2:
    resolution: {integrity: sha512-QFJlhf73HCBjTqAWWSIlD8JQBtmue0Dd6UV+KGccycJ3HKj1dCkXdRKJGwc5bZWiI9hrxcWsVEa1kVFaltC4vQ==}
    engines: {node: '>=12'}
    cpu: [x64]
    os: [win32]
    requiresBuild: true
    dev: false
    optional: true

  /@types/node/18.11.18:
    resolution: {integrity: sha512-DHQpWGjyQKSHj3ebjFI/wRKcqQcdR+MoFBygntYOZytCqNfkd2ZC4ARDJ2DQqhjH5p85Nnd3jhUJIXrszFX/JA==}
    dev: true

  /esbuild/0.17.2:
    resolution: {integrity: sha512-odaHSgtYafOXt2nSISwdWlfRkb4ceMX3akY1mWspQpT08jsqVYEK1XtVusr250Rmbx8AVNWjMPI/yyvKqxOKMw==}
    engines: {node: '>=12'}
    hasBin: true
    requiresBuild: true
    optionalDependencies:
      '@esbuild/android-arm': 0.17.2
      '@esbuild/android-arm64': 0.17.2
      '@esbuild/android-x64': 0.17.2
      '@esbuild/darwin-arm64': 0.17.2
      '@esbuild/darwin-x64': 0.17.2
      '@esbuild/freebsd-arm64': 0.17.2
      '@esbuild/freebsd-x64': 0.17.2
      '@esbuild/linux-arm': 0.17.2
      '@esbuild/linux-arm64': 0.17.2
      '@esbuild/linux-ia32': 0.17.2
      '@esbuild/linux-loong64': 0.17.2
      '@esbuild/linux-mips64el': 0.17.2
      '@esbuild/linux-ppc64': 0.17.2
      '@esbuild/linux-riscv64': 0.17.2
      '@esbuild/linux-s390x': 0.17.2
      '@esbuild/linux-x64': 0.17.2
      '@esbuild/netbsd-x64': 0.17.2
      '@esbuild/openbsd-x64': 0.17.2
      '@esbuild/sunos-x64': 0.17.2
      '@esbuild/win32-arm64': 0.17.2
      '@esbuild/win32-ia32': 0.17.2
      '@esbuild/win32-x64': 0.17.2
    dev: false

  /http-status-codes/2.2.0:
    resolution: {integrity: sha512-feERVo9iWxvnejp3SEfm/+oNG517npqL2/PIA8ORjyOZjGC7TwCRQsZylciLS64i6pJ0wRYz3rkXLRwbtFa8Ng==}
    dev: false

  /js-tokens/4.0.0:
    resolution: {integrity: sha512-RdJUflcE3cUzKiMqQgsCu06FPu9UdIJO0beYbPhHN4k6apgJtifcoCtT9bcxOpYBtpD2kCM6Sbzg4CausW/PKQ==}
    dev: true

  /loose-envify/1.4.0:
    resolution: {integrity: sha512-lyuxPGr/Wfhrlem2CL/UcnUc1zcqKAImBDzukY7Y5F/yQiNdko6+fRLevlw1HgMySw7f611UIY408EtxRSoK3Q==}
    hasBin: true
    dependencies:
      js-tokens: 4.0.0
    dev: true

  /react-dom/18.2.0_react@18.2.0:
    resolution: {integrity: sha512-6IMTriUmvsjHUjNtEDudZfuDQUoWXVxKHhlEGSk81n4YFS+r/Kl99wXiwlVXtPBtJenozv2P+hxDsw9eA7Xo6g==}
    peerDependencies:
      react: ^18.2.0
    dependencies:
      loose-envify: 1.4.0
      react: 18.2.0
      scheduler: 0.23.0
    dev: true

  /react/18.2.0:
    resolution: {integrity: sha512-/3IjMdb2L9QbBdWiW5e3P2/npwMBaU9mHCSCUzNln0ZCYbcfTsGbTJrU/kGemdH2IWmB2ioZ+zkxtmq6g09fGQ==}
    engines: {node: '>=0.10.0'}
    dependencies:
      loose-envify: 1.4.0
    dev: true

  /scheduler/0.23.0:
    resolution: {integrity: sha512-CtuThmgHNg7zIZWAXi3AsyIzA3n4xx7aNyjwC2VJldO2LMVDhFK+63xGqq6CsJH4rTAt6/M+N4GhZiDYPx9eUw==}
    dependencies:
      loose-envify: 1.4.0
    dev: true
